
Microsoft Visual Studio Solution File, Format Version 12.00
# Visual Studio Version 17
VisualStudioVersion = 17.0.31903.59
MinimumVisualStudioVersion = 10.0.40219.1
Project("{FAE04EC0-301F-11D3-BF4B-00C04F79EFBC}") = "test", "test\test.csproj", "{6DEB3298-AD6A-41BA-B052-D2665C92624E}"
EndProject
Project("{FAE04EC0-301F-11D3-BF4B-00C04F79EFBC}") = "entity", "ui\entity.csproj", "{ACA92CDE-00FF-44EA-BBB6-E4B61AA7ED73}"
EndProject
Global
	GlobalSection(SolutionConfigurationPlatforms) = preSolution
		Debug|Any CPU = Debug|Any CPU
		Release|Any CPU = Release|Any CPU
	EndGlobalSection
	GlobalSection(SolutionProperties) = preSolution
		HideSolutionNode = FALSE
	EndGlobalSection
	GlobalSection(ProjectConfigurationPlatforms) = postSolution
		{6DEB3298-AD6A-41BA-B052-D2665C92624E}.Debug|Any CPU.ActiveCfg = Debug|Any CPU
		{6DEB3298-AD6A-41BA-B052-D2665C92624E}.Debug|Any CPU.Build.0 = Debug|Any CPU
		{6DEB3298-AD6A-41BA-B052-D2665C92624E}.Release|Any CPU.ActiveCfg = Release|Any CPU
		{6DEB3298-AD6A-41BA-B052-D2665C92624E}.Release|Any CPU.Build.0 = Release|Any CPU
		{ACA92CDE-00FF-44EA-BBB6-E4B61AA7ED73}.Debug|Any CPU.ActiveCfg = Debug|Any CPU
		{ACA92CDE-00FF-44EA-BBB6-E4B61AA7ED73}.Debug|Any CPU.Build.0 = Debug|Any CPU
		{ACA92CDE-00FF-44EA-BBB6-E4B61AA7ED73}.Release|Any CPU.ActiveCfg = Release|Any CPU
		{ACA92CDE-00FF-44EA-BBB6-E4B61AA7ED73}.Release|Any CPU.Build.0 = Release|Any CPU
	EndGlobalSection
EndGlobal
